
Microsoft Visual Studio Solution File, Format Version 12.00
# Visual Studio Version 17
VisualStudioVersion = 17.7.34024.191
MinimumVisualStudioVersion = 10.0.40219.1
Project("{9A19103F-16F7-4668-BE54-9A1E7A4F7556}") = "uppgift 3.5", "3.5\uppgift 3.5.csproj", "{B3368F22-F1D8-42BE-B016-F53A3EE06851}"
EndProject
Global
	GlobalSection(SolutionConfigurationPlatforms) = preSolution
		Debug|Any CPU = Debug|Any CPU
		Release|Any CPU = Release|Any CPU
	EndGlobalSection
	GlobalSection(ProjectConfigurationPlatforms) = postSolution
		{B3368F22-F1D8-42BE-B016-F53A3EE06851}.Debug|Any CPU.ActiveCfg = Debug|Any CPU
		{B3368F22-F1D8-42BE-B016-F53A3EE06851}.Debug|Any CPU.Build.0 = Debug|Any CPU
		{B3368F22-F1D8-42BE-B016-F53A3EE06851}.Release|Any CPU.ActiveCfg = Release|Any CPU
		{B3368F22-F1D8-42BE-B016-F53A3EE06851}.Release|Any CPU.Build.0 = Release|Any CPU
	EndGlobalSection
	GlobalSection(SolutionProperties) = preSolution
		HideSolutionNode = FALSE
	EndGlobalSection
	GlobalSection(ExtensibilityGlobals) = postSolution
		SolutionGuid = {C0509CE9-8A89-489F-8111-203341F334D9}
	EndGlobalSection
EndGlobal
